
Microsoft Visual Studio Solution File, Format Version 12.00
# Visual Studio Version 16
VisualStudioVersion = 16.0.30907.101
MinimumVisualStudioVersion = 10.0.40219.1
Project("{FAE04EC0-301F-11D3-BF4B-00C04F79EFBC}") = "Aircon Control Windows", "Aircon Control Windows\Aircon Control Windows.csproj", "{9F3F4707-8EB1-46EC-A75E-0564894BB006}"
EndProject
Project("{FAE04EC0-301F-11D3-BF4B-00C04F79EFBC}") = "AWSMQTT", "AWSMQTT\AWSMQTT.csproj", "{9EED72DB-1EEF-44CF-BE73-DF1EE9522B20}"
EndProject
Project("{FAE04EC0-301F-11D3-BF4B-00C04F79EFBC}") = "SeeleyControl", "SeeleyControl\SeeleyControl.csproj", "{9DAABECB-BD74-4183-A21E-9AB6A8DC1918}"
EndProject
Global
	GlobalSection(SolutionConfigurationPlatforms) = preSolution
		Debug|Any CPU = Debug|Any CPU
		Release|Any CPU = Release|Any CPU
	EndGlobalSection
	GlobalSection(ProjectConfigurationPlatforms) = postSolution
		{9F3F4707-8EB1-46EC-A75E-0564894BB006}.Debug|Any CPU.ActiveCfg = Debug|Any CPU
		{9F3F4707-8EB1-46EC-A75E-0564894BB006}.Debug|Any CPU.Build.0 = Debug|Any CPU
		{9F3F4707-8EB1-46EC-A75E-0564894BB006}.Release|Any CPU.ActiveCfg = Release|Any CPU
		{9F3F4707-8EB1-46EC-A75E-0564894BB006}.Release|Any CPU.Build.0 = Release|Any CPU
		{9EED72DB-1EEF-44CF-BE73-DF1EE9522B20}.Debug|Any CPU.ActiveCfg = Debug|Any CPU
		{9EED72DB-1EEF-44CF-BE73-DF1EE9522B20}.Debug|Any CPU.Build.0 = Debug|Any CPU
		{9EED72DB-1EEF-44CF-BE73-DF1EE9522B20}.Release|Any CPU.ActiveCfg = Release|Any CPU
		{9EED72DB-1EEF-44CF-BE73-DF1EE9522B20}.Release|Any CPU.Build.0 = Release|Any CPU
		{9DAABECB-BD74-4183-A21E-9AB6A8DC1918}.Debug|Any CPU.ActiveCfg = Debug|Any CPU
		{9DAABECB-BD74-4183-A21E-9AB6A8DC1918}.Debug|Any CPU.Build.0 = Debug|Any CPU
		{9DAABECB-BD74-4183-A21E-9AB6A8DC1918}.Release|Any CPU.ActiveCfg = Release|Any CPU
		{9DAABECB-BD74-4183-A21E-9AB6A8DC1918}.Release|Any CPU.Build.0 = Release|Any CPU
	EndGlobalSection
	GlobalSection(SolutionProperties) = preSolution
		HideSolutionNode = FALSE
	EndGlobalSection
	GlobalSection(ExtensibilityGlobals) = postSolution
		SolutionGuid = {D8C15410-9082-4692-B12B-E2E432207503}
	EndGlobalSection
EndGlobal
